
Microsoft Visual Studio Solution File, Format Version 12.00
# Visual Studio Version 17
VisualStudioVersion = 17.10.35004.147
MinimumVisualStudioVersion = 10.0.40219.1
Project("{FAE04EC0-301F-11D3-BF4B-00C04F79EFBC}") = "BackEndProjeto", "BackEndProjeto\BackEndProjeto.csproj", "{CF199956-28C8-483A-87B1-9B8BCE01CD4D}"
EndProject
Global
	GlobalSection(SolutionConfigurationPlatforms) = preSolution
		Debug|Any CPU = Debug|Any CPU
		Release|Any CPU = Release|Any CPU
	EndGlobalSection
	GlobalSection(ProjectConfigurationPlatforms) = postSolution
		{CF199956-28C8-483A-87B1-9B8BCE01CD4D}.Debug|Any CPU.ActiveCfg = Debug|Any CPU
		{CF199956-28C8-483A-87B1-9B8BCE01CD4D}.Debug|Any CPU.Build.0 = Debug|Any CPU
		{CF199956-28C8-483A-87B1-9B8BCE01CD4D}.Release|Any CPU.ActiveCfg = Release|Any CPU
		{CF199956-28C8-483A-87B1-9B8BCE01CD4D}.Release|Any CPU.Build.0 = Release|Any CPU
	EndGlobalSection
	GlobalSection(SolutionProperties) = preSolution
		HideSolutionNode = FALSE
	EndGlobalSection
	GlobalSection(ExtensibilityGlobals) = postSolution
		SolutionGuid = {6B527ABC-BA9D-4ADF-BA19-747EA21FBC2D}
	EndGlobalSection
EndGlobal
